github.com/PanosVasilopoulos92/learn-to-code-code-dependency-2 v0.0.0-20231216123821-888a8d036e1b h1:6556Ohj3Rn9OR4hWJ7LPlSVsO501J2HdTN3Shu26JpE=
github.com/PanosVasilopoulos92/learn-to-code-code-dependency-2 v0.0.0-20231216123821-888a8d036e1b/go.mod h1:HmbhrHxHzN9g/0l+pKx8xzRcMZiCM6P30+X/ZcNalk0=
github.com/PanosVasilopoulos92/learn-to-code-go-dependency-1 v1.3.0 h1:fjhoQDvIUTX+bHe/s9urzVvT7YcD31XwQ1FCAFLwpiI=
github.com/PanosVasilopoulos92/learn-to-code-go-dependency-1 v1.3.0/go.mod h1:mqu21zveXmoJ3lsHizBPSeCoIvQOB/osSAC3K6BUs6c=
golang.org/x/crypto v0.17.0 h1:r8bRNjWL3GshPW3gkd+RpvzWrZAwPS49OmTGZ/uhM4k=
golang.org/x/crypto v0.17.0/go.mod h1:gCAAfMLgwOJRpTjQ2zCCt2OcSfYMTeZVSRtQlPC7Nq4=
golang.org/x/exp v0.0.0-20231226003508-02704c960a9b h1:kLiC65FbiHWFAOu+lxwNPujcsl8VYyTYYEZnsOO1WK4=
golang.org/x/exp v0.0.0-20231226003508-02704c960a9b/go.mod h1:iRJReGqOEeBhDZGkGbynYwcHlctCvnjTYIamk7uXpHI=
